{
    "_meta": {
        "hash": {
            "sha256": "4a96b12373706a9548ba627e4b42e87c5924d959bb141a541dcec41fdfeadccb"
        },
        "pipfile-spec": 6,
        "requires": {
            "python_version": "3.8"
        },
        "sources": [
            {
                "name": "pypi",
                "url": "https://pypi.org/simple",
                "verify_ssl": true
            }
        ]
    },
    "default": {
        "dill": {
            "hashes": [
                "sha256:6e12da0d8e49c220e8d6e97ee8882002e624f1160289ce85ec2cc0a5246b3a2e"
            ],
            "markers": "python_version >= '2.6' and python_version != '3.0'",
            "version": "==0.3.2"
        },
        "hyperloglog": {
            "hashes": [
                "sha256:52abf9e84ea1a2a79580a85f72af11c46a1bc8d359681a1301c34358b929c5a7"
            ],
            "index": "pypi",
            "version": "==0.0.12"
        },
        "kafka-python": {
            "hashes": [
                "sha256:513431184ecd08e706ca53421ff23e269fc052374084b45b49640419564dd704",
                "sha256:e59ad42dec8c7d54e3fbba0c1f8b54c44d92a3392d88242962d0c29803f2f6f8"
            ],
            "index": "pypi",
            "version": "==2.0.1"
        },
        "multiprocess": {
            "hashes": [
                "sha256:81f388527a0c8766e94fe084fd8a408da5045a9fe7b28e199f684a796f3c6bf8",
                "sha256:879ee48882bf7959102010058f30419d72abc90035de70b7259a386dc8b1946a",
                "sha256:9e604ac3ff7d6aa7da8306e7dd3a76a8b6ba83f5a8a2d8590b2edd1468df6479"
            ],
            "version": "==0.70.10"
        },
        "pathos": {
            "hashes": [
                "sha256:51b48e54870e4f83a262e49b6369116ab2ecc5a217569a84c7ab726e27b1bc10"
            ],
            "index": "pypi",
            "version": "==0.2.6"
        },
        "pox": {
            "hashes": [
                "sha256:621f3a912531d0c5c71f7d5fd4815b15bf5d0db5b4cea352df14f2ff6bc7c615"
            ],
            "version": "==0.2.8"
        },
        "ppft": {
            "hashes": [
                "sha256:cd1e39129fc9cbd4a877b1ff4fc5018051183c11bc9c9c0922efad80c57174f6"
            ],
            "version": "==1.6.6.2"
        },
        "six": {
            "hashes": [
                "sha256:30639c035cdb23534cd4aa2dd52c3bf48f06e5f4a941509c8bafd8ce11080259",
                "sha256:8b74bedcbbbaca38ff6d7491d76f2b06b3592611af620f8426e82dddb04a5ced"
            ],
            "markers": "python_version >= '2.7' and python_version not in '3.0, 3.1, 3.2, 3.3'",
            "version": "==1.15.0"
        }
    },
    "develop": {
        "flake8": {
            "hashes": [
                "sha256:15e351d19611c887e482fb960eae4d44845013cc142d42896e9862f775d8cf5c",
                "sha256:f04b9fcbac03b0a3e58c0ab3a0ecc462e023a9faf046d57794184028123aa208"
            ],
            "index": "pypi",
            "version": "==3.8.3"
        },
        "mccabe": {
            "hashes": [
                "sha256:ab8a6258860da4b6677da4bd2fe5dc2c659cff31b3ee4f7f5d64e79735b80d42",
                "sha256:dd8d182285a0fe56bace7f45b5e7d1a6ebcbf524e8f3bd87eb0f125271b8831f"
            ],
            "version": "==0.6.1"
        },
        "pycodestyle": {
            "hashes": [
                "sha256:2295e7b2f6b5bd100585ebcb1f616591b652db8a741695b3d8f5d28bdc934367",
                "sha256:c58a7d2815e0e8d7972bf1803331fb0152f867bd89adf8a01dfd55085434192e"
            ],
            "markers": "python_version >= '2.7' and python_version not in '3.0, 3.1, 3.2, 3.3'",
            "version": "==2.6.0"
        },
        "pyflakes": {
            "hashes": [
                "sha256:0d94e0e05a19e57a99444b6ddcf9a6eb2e5c68d3ca1e98e90707af8152c90a92",
                "sha256:35b2d75ee967ea93b55750aa9edbbf72813e06a66ba54438df2cfac9e3c27fc8"
            ],
            "markers": "python_version >= '2.7' and python_version not in '3.0, 3.1, 3.2, 3.3'",
            "version": "==2.2.0"
        },
        "yapf": {
            "hashes": [
                "sha256:3000abee4c28daebad55da6c85f3cd07b8062ce48e2e9943c8da1b9667d48427",
                "sha256:3abf61ba67cf603069710d30acbc88cfe565d907e16ad81429ae90ce9651e0c9"
            ],
            "index": "pypi",
            "version": "==0.30.0"
        }
    }
}
